
Microsoft Visual Studio Solution File, Format Version 12.00
# Visual Studio Version 16
VisualStudioVersion = 16.0.30503.244
MinimumVisualStudioVersion = 10.0.40219.1
Project("{9A19103F-16F7-4668-BE54-9A1E7A4F7556}") = "OnlineSellPaintings", "OnlineSellPaintings.csproj", "{489AF44D-6DC2-4CBB-8A2D-9A695EABFA96}"
EndProject
Global
	GlobalSection(SolutionConfigurationPlatforms) = preSolution
		Debug|Any CPU = Debug|Any CPU
		Release|Any CPU = Release|Any CPU
	EndGlobalSection
	GlobalSection(ProjectConfigurationPlatforms) = postSolution
		{489AF44D-6DC2-4CBB-8A2D-9A695EABFA96}.Debug|Any CPU.ActiveCfg = Debug|Any CPU
		{489AF44D-6DC2-4CBB-8A2D-9A695EABFA96}.Debug|Any CPU.Build.0 = Debug|Any CPU
		{489AF44D-6DC2-4CBB-8A2D-9A695EABFA96}.Release|Any CPU.ActiveCfg = Release|Any CPU
		{489AF44D-6DC2-4CBB-8A2D-9A695EABFA96}.Release|Any CPU.Build.0 = Release|Any CPU
	EndGlobalSection
	GlobalSection(SolutionProperties) = preSolution
		HideSolutionNode = FALSE
	EndGlobalSection
	GlobalSection(ExtensibilityGlobals) = postSolution
		SolutionGuid = {B94F6977-1D0F-4342-A77F-1F833A9F36A4}
	EndGlobalSection
EndGlobal
